{
  "name": "azure-func-multipart-parser-examples",
  "version": "0.1.0",
  "lockfileVersion": 1,
  "requires": true,
  "dependencies": {
    "azure-func-multipart-parser": {
      "version": "0.1.3",
      "resolved": "https://registry.npmjs.org/azure-func-multipart-parser/-/azure-func-multipart-parser-0.1.3.tgz",
      "integrity": "sha512-72TTKoJ+ZcZRGICRpdzeBUe6N4gnlF4xjb5Zi5QSZb9W80l2+wSesdLQ2RMT8MnDXVkfsY3vbxJ0aiUjZLuauQ=="
    }
  }
}
